<?xml version="1.0" encoding="UTF-8" standalone="yes" ?>
<CodeBlocks_project_file>
	<FileVersion major="1" minor="6" />
	<Project>
		<Option title="TrabajoFinal" />
		<Option pch_mode="2" />
		<Option compiler="gcc" />
		<Build>
			<Target title="Debug">
				<Option output="bin/Debug/TrabajoFinal" prefix_auto="1" extension_auto="1" />
				<Option object_output="obj/Debug/" />
				<Option type="1" />
				<Option compiler="gcc" />
				<Compiler>
					<Add option="-g" />
				</Compiler>
			</Target>
			<Target title="Release">
				<Option output="bin/Release/TrabajoFinal" prefix_auto="1" extension_auto="1" />
				<Option object_output="obj/Release/" />
				<Option type="1" />
				<Option compiler="gcc" />
				<Compiler>
					<Add option="-O2" />
				</Compiler>
				<Linker>
					<Add option="-s" />
				</Linker>
			</Target>
		</Build>
		<Compiler>
			<Add option="-Wall" />
			<Add option="-fexceptions" />
		</Compiler>
		<Unit filename="Menu.cpp" />
		<Unit filename="Menu.h">
			<Option target="&lt;{~None~}&gt;" />
		</Unit>
		<Unit filename="ProveedorManager.h">
			<Option target="&lt;{~None~}&gt;" />
		</Unit>
		<Unit filename="cliente.cpp" />
		<Unit filename="cliente.h">
			<Option target="&lt;{~None~}&gt;" />
		</Unit>
		<Unit filename="clienteArchivo.cpp" />
		<Unit filename="clienteArchivo.h">
			<Option target="&lt;{~None~}&gt;" />
		</Unit>
		<Unit filename="clienteManager.cpp" />
		<Unit filename="clienteManager.h">
			<Option target="&lt;{~None~}&gt;" />
		</Unit>
		<Unit filename="fecha.cpp" />
		<Unit filename="fecha.h">
			<Option target="&lt;{~None~}&gt;" />
		</Unit>
		<Unit filename="ingresos.cpp" />
		<Unit filename="ingresos.h" />
		<Unit filename="ingresosArchivo.cpp" />
		<Unit filename="ingresosArchivo.h" />
		<Unit filename="ingresosManager.cpp" />
		<Unit filename="ingresosManager.h" />
		<Unit filename="main.cpp" />
		<Unit filename="menuIngresos.cpp" />
		<Unit filename="menuIngresos.h" />
		<Unit filename="menuProducto.cpp" />
		<Unit filename="menuProducto.h">
			<Option target="&lt;{~None~}&gt;" />
		</Unit>
		<Unit filename="producto.cpp" />
		<Unit filename="producto.h">
			<Option target="&lt;{~None~}&gt;" />
		</Unit>
		<Unit filename="productoArchivo.h">
			<Option target="&lt;{~None~}&gt;" />
		</Unit>
		<Unit filename="productoManager.cpp" />
		<Unit filename="productoManager.h">
			<Option target="&lt;{~None~}&gt;" />
		</Unit>
		<Unit filename="produtoArchivo.cpp" />
		<Unit filename="proveedor.cpp" />
		<Unit filename="proveedor.h">
			<Option target="&lt;{~None~}&gt;" />
		</Unit>
		<Unit filename="proveedorArchivo.cpp" />
		<Unit filename="proveedorArchivo.h">
			<Option target="&lt;{~None~}&gt;" />
		</Unit>
		<Unit filename="proveedorManager.cpp" />
		<Extensions />
	</Project>
</CodeBlocks_project_file>
